
Microsoft Visual Studio Solution File, Format Version 12.00
# Visual Studio 15
VisualStudioVersion = 15.0.27617.1
MinimumVisualStudioVersion = 10.0.40219.1
Project("{FAE04EC0-301F-11D3-BF4B-00C04F79EFBC}") = "RPWebApp", "RPWebApp\RPWebApp.csproj", "{41BA15E2-FB2F-4F8C-B275-0E0167688F5A}"
EndProject
Project("{FAE04EC0-301F-11D3-BF4B-00C04F79EFBC}") = "RegularCL", "RegularCL\RegularCL.csproj", "{67B1CA62-A63D-4EF0-AB37-1FD90CC6C7AF}"
EndProject
Project("{FAE04EC0-301F-11D3-BF4B-00C04F79EFBC}") = "RazorCL", "RazorCL\RazorCL.csproj", "{3967B020-AE7F-4379-8734-6FBAD2014383}"
EndProject
Project("{FAE04EC0-301F-11D3-BF4B-00C04F79EFBC}") = "MVCApp", "MVCApp\MVCApp.csproj", "{78C386D3-367B-4209-8485-42C5E9D782E7}"
EndProject
Project("{2150E333-8FDC-42A3-9474-1A3956D46DE8}") = "SolutionFiles", "SolutionFiles", "{474FCF4E-0E5D-41DD-9A83-8C252EF3FA6A}"
	ProjectSection(SolutionItems) = preProject
		.gitattributes = .gitattributes
		.gitignore = .gitignore
		global.json = global.json
	EndProjectSection
EndProject
Global
	GlobalSection(SolutionConfigurationPlatforms) = preSolution
		Debug|Any CPU = Debug|Any CPU
		Release|Any CPU = Release|Any CPU
	EndGlobalSection
	GlobalSection(ProjectConfigurationPlatforms) = postSolution
		{41BA15E2-FB2F-4F8C-B275-0E0167688F5A}.Debug|Any CPU.ActiveCfg = Debug|Any CPU
		{41BA15E2-FB2F-4F8C-B275-0E0167688F5A}.Debug|Any CPU.Build.0 = Debug|Any CPU
		{41BA15E2-FB2F-4F8C-B275-0E0167688F5A}.Release|Any CPU.ActiveCfg = Release|Any CPU
		{41BA15E2-FB2F-4F8C-B275-0E0167688F5A}.Release|Any CPU.Build.0 = Release|Any CPU
		{67B1CA62-A63D-4EF0-AB37-1FD90CC6C7AF}.Debug|Any CPU.ActiveCfg = Debug|Any CPU
		{67B1CA62-A63D-4EF0-AB37-1FD90CC6C7AF}.Debug|Any CPU.Build.0 = Debug|Any CPU
		{67B1CA62-A63D-4EF0-AB37-1FD90CC6C7AF}.Release|Any CPU.ActiveCfg = Release|Any CPU
		{67B1CA62-A63D-4EF0-AB37-1FD90CC6C7AF}.Release|Any CPU.Build.0 = Release|Any CPU
		{3967B020-AE7F-4379-8734-6FBAD2014383}.Debug|Any CPU.ActiveCfg = Debug|Any CPU
		{3967B020-AE7F-4379-8734-6FBAD2014383}.Debug|Any CPU.Build.0 = Debug|Any CPU
		{3967B020-AE7F-4379-8734-6FBAD2014383}.Release|Any CPU.ActiveCfg = Release|Any CPU
		{3967B020-AE7F-4379-8734-6FBAD2014383}.Release|Any CPU.Build.0 = Release|Any CPU
		{78C386D3-367B-4209-8485-42C5E9D782E7}.Debug|Any CPU.ActiveCfg = Debug|Any CPU
		{78C386D3-367B-4209-8485-42C5E9D782E7}.Debug|Any CPU.Build.0 = Debug|Any CPU
		{78C386D3-367B-4209-8485-42C5E9D782E7}.Release|Any CPU.ActiveCfg = Release|Any CPU
		{78C386D3-367B-4209-8485-42C5E9D782E7}.Release|Any CPU.Build.0 = Release|Any CPU
	EndGlobalSection
	GlobalSection(SolutionProperties) = preSolution
		HideSolutionNode = FALSE
	EndGlobalSection
	GlobalSection(ExtensibilityGlobals) = postSolution
		SolutionGuid = {707CFAB6-89A0-49B8-96A4-2136219E2060}
	EndGlobalSection
EndGlobal
